
Microsoft Visual Studio Solution File, Format Version 12.00
# Visual Studio 15
VisualStudioVersion = 15.0.27130.2027
MinimumVisualStudioVersion = 10.0.40219.1
Project("{FAE04EC0-301F-11D3-BF4B-00C04F79EFBC}") = "Rabo_assignment", "Rabo_assignment\Rabo_assignment.csproj", "{0BE730A4-7AC8-4242-974B-4AE4A7273FCA}"
EndProject
Global
	GlobalSection(SolutionConfigurationPlatforms) = preSolution
		Debug|Any CPU = Debug|Any CPU
		Release|Any CPU = Release|Any CPU
	EndGlobalSection
	GlobalSection(ProjectConfigurationPlatforms) = postSolution
		{0BE730A4-7AC8-4242-974B-4AE4A7273FCA}.Debug|Any CPU.ActiveCfg = Debug|Any CPU
		{0BE730A4-7AC8-4242-974B-4AE4A7273FCA}.Debug|Any CPU.Build.0 = Debug|Any CPU
		{0BE730A4-7AC8-4242-974B-4AE4A7273FCA}.Release|Any CPU.ActiveCfg = Release|Any CPU
		{0BE730A4-7AC8-4242-974B-4AE4A7273FCA}.Release|Any CPU.Build.0 = Release|Any CPU
	EndGlobalSection
	GlobalSection(SolutionProperties) = preSolution
		HideSolutionNode = FALSE
	EndGlobalSection
	GlobalSection(ExtensibilityGlobals) = postSolution
		SolutionGuid = {3323D7BF-6BA2-4BEA-814B-2588AC1C4C44}
	EndGlobalSection
EndGlobal
